
Microsoft Visual Studio Solution File, Format Version 12.00
# Visual Studio Version 17
VisualStudioVersion = 17.1.32228.430
MinimumVisualStudioVersion = 10.0.40219.1
Project("{2150E333-8FDC-42A3-9474-1A3956D46DE8}") = "src", "src", "{2E5C3030-10FA-46DE-B3FD-D6D7638247E6}"
EndProject
Project("{9A19103F-16F7-4668-BE54-9A1E7A4F7556}") = "JRovnyBlogManagement", "src\JRovnyBlogManagement\JRovnyBlogManagement.csproj", "{47D12620-AE03-4AFA-983F-35E737B12F66}"
EndProject
Project("{FAE04EC0-301F-11D3-BF4B-00C04F79EFBC}") = "JRovnyBlogManagement.DesktopUI", "src\JRovnyBlogManagement.DesktopUI\JRovnyBlogManagement.DesktopUI.csproj", "{C1A799E8-30CC-47A6-A82B-FBA1359ED314}"
EndProject
Global
	GlobalSection(SolutionConfigurationPlatforms) = preSolution
		Debug|Any CPU = Debug|Any CPU
		Debug|arm64 = Debug|arm64
		Debug|x64 = Debug|x64
		Debug|x86 = Debug|x86
		Release|Any CPU = Release|Any CPU
		Release|arm64 = Release|arm64
		Release|x64 = Release|x64
		Release|x86 = Release|x86
	EndGlobalSection
	GlobalSection(ProjectConfigurationPlatforms) = postSolution
		{47D12620-AE03-4AFA-983F-35E737B12F66}.Debug|Any CPU.ActiveCfg = Debug|Any CPU
		{47D12620-AE03-4AFA-983F-35E737B12F66}.Debug|Any CPU.Build.0 = Debug|Any CPU
		{47D12620-AE03-4AFA-983F-35E737B12F66}.Debug|arm64.ActiveCfg = Debug|Any CPU
		{47D12620-AE03-4AFA-983F-35E737B12F66}.Debug|arm64.Build.0 = Debug|Any CPU
		{47D12620-AE03-4AFA-983F-35E737B12F66}.Debug|x64.ActiveCfg = Debug|Any CPU
		{47D12620-AE03-4AFA-983F-35E737B12F66}.Debug|x64.Build.0 = Debug|Any CPU
		{47D12620-AE03-4AFA-983F-35E737B12F66}.Debug|x86.ActiveCfg = Debug|Any CPU
		{47D12620-AE03-4AFA-983F-35E737B12F66}.Debug|x86.Build.0 = Debug|Any CPU
		{47D12620-AE03-4AFA-983F-35E737B12F66}.Release|Any CPU.ActiveCfg = Release|Any CPU
		{47D12620-AE03-4AFA-983F-35E737B12F66}.Release|Any CPU.Build.0 = Release|Any CPU
		{47D12620-AE03-4AFA-983F-35E737B12F66}.Release|arm64.ActiveCfg = Release|Any CPU
		{47D12620-AE03-4AFA-983F-35E737B12F66}.Release|arm64.Build.0 = Release|Any CPU
		{47D12620-AE03-4AFA-983F-35E737B12F66}.Release|x64.ActiveCfg = Release|Any CPU
		{47D12620-AE03-4AFA-983F-35E737B12F66}.Release|x64.Build.0 = Release|Any CPU
		{47D12620-AE03-4AFA-983F-35E737B12F66}.Release|x86.ActiveCfg = Release|Any CPU
		{47D12620-AE03-4AFA-983F-35E737B12F66}.Release|x86.Build.0 = Release|Any CPU
		{C1A799E8-30CC-47A6-A82B-FBA1359ED314}.Debug|Any CPU.ActiveCfg = Debug|x64
		{C1A799E8-30CC-47A6-A82B-FBA1359ED314}.Debug|Any CPU.Build.0 = Debug|x64
		{C1A799E8-30CC-47A6-A82B-FBA1359ED314}.Debug|Any CPU.Deploy.0 = Debug|x64
		{C1A799E8-30CC-47A6-A82B-FBA1359ED314}.Debug|arm64.ActiveCfg = Debug|arm64
		{C1A799E8-30CC-47A6-A82B-FBA1359ED314}.Debug|arm64.Build.0 = Debug|arm64
		{C1A799E8-30CC-47A6-A82B-FBA1359ED314}.Debug|arm64.Deploy.0 = Debug|arm64
		{C1A799E8-30CC-47A6-A82B-FBA1359ED314}.Debug|x64.ActiveCfg = Debug|x64
		{C1A799E8-30CC-47A6-A82B-FBA1359ED314}.Debug|x64.Build.0 = Debug|x64
		{C1A799E8-30CC-47A6-A82B-FBA1359ED314}.Debug|x64.Deploy.0 = Debug|x64
		{C1A799E8-30CC-47A6-A82B-FBA1359ED314}.Debug|x86.ActiveCfg = Debug|x86
		{C1A799E8-30CC-47A6-A82B-FBA1359ED314}.Debug|x86.Build.0 = Debug|x86
		{C1A799E8-30CC-47A6-A82B-FBA1359ED314}.Debug|x86.Deploy.0 = Debug|x86
		{C1A799E8-30CC-47A6-A82B-FBA1359ED314}.Release|Any CPU.ActiveCfg = Release|x64
		{C1A799E8-30CC-47A6-A82B-FBA1359ED314}.Release|Any CPU.Build.0 = Release|x64
		{C1A799E8-30CC-47A6-A82B-FBA1359ED314}.Release|Any CPU.Deploy.0 = Release|x64
		{C1A799E8-30CC-47A6-A82B-FBA1359ED314}.Release|arm64.ActiveCfg = Release|arm64
		{C1A799E8-30CC-47A6-A82B-FBA1359ED314}.Release|arm64.Build.0 = Release|arm64
		{C1A799E8-30CC-47A6-A82B-FBA1359ED314}.Release|arm64.Deploy.0 = Release|arm64
		{C1A799E8-30CC-47A6-A82B-FBA1359ED314}.Release|x64.ActiveCfg = Release|x64
		{C1A799E8-30CC-47A6-A82B-FBA1359ED314}.Release|x64.Build.0 = Release|x64
		{C1A799E8-30CC-47A6-A82B-FBA1359ED314}.Release|x64.Deploy.0 = Release|x64
		{C1A799E8-30CC-47A6-A82B-FBA1359ED314}.Release|x86.ActiveCfg = Release|x86
		{C1A799E8-30CC-47A6-A82B-FBA1359ED314}.Release|x86.Build.0 = Release|x86
		{C1A799E8-30CC-47A6-A82B-FBA1359ED314}.Release|x86.Deploy.0 = Release|x86
	EndGlobalSection
	GlobalSection(SolutionProperties) = preSolution
		HideSolutionNode = FALSE
	EndGlobalSection
	GlobalSection(NestedProjects) = preSolution
		{47D12620-AE03-4AFA-983F-35E737B12F66} = {2E5C3030-10FA-46DE-B3FD-D6D7638247E6}
	EndGlobalSection
	GlobalSection(ExtensibilityGlobals) = postSolution
		SolutionGuid = {3F16E3C9-7472-435E-8FB7-49D498734BBF}
	EndGlobalSection
EndGlobal
